
Microsoft Visual Studio Solution File, Format Version 12.00
# Visual Studio 15
VisualStudioVersion = 15.0.28010.2019
MinimumVisualStudioVersion = 10.0.40219.1
Project("{9A19103F-16F7-4668-BE54-9A1E7A4F7556}") = "App.Domain", "App.Domain\App.Domain.csproj", "{759C4C66-7028-494F-B38A-DA6FC8C786A8}"
EndProject
Project("{9A19103F-16F7-4668-BE54-9A1E7A4F7556}") = "App.Infra", "App.Infra\App.Infra.csproj", "{7E538285-9053-453E-A53C-397453B410BF}"
EndProject
Project("{9A19103F-16F7-4668-BE54-9A1E7A4F7556}") = "Integracao", "Integracao\Integracao.csproj", "{93425C18-F2F8-4943-AEC9-E3093C6C95E4}"
EndProject
Project("{FAE04EC0-301F-11D3-BF4B-00C04F79EFBC}") = "App.Forms", "App.Forms\App.Forms.csproj", "{C9AEF628-06AE-495A-9510-28FBE2912A94}"
EndProject
Global
	GlobalSection(SolutionConfigurationPlatforms) = preSolution
		Debug|Any CPU = Debug|Any CPU
		Release|Any CPU = Release|Any CPU
	EndGlobalSection
	GlobalSection(ProjectConfigurationPlatforms) = postSolution
		{759C4C66-7028-494F-B38A-DA6FC8C786A8}.Debug|Any CPU.ActiveCfg = Debug|Any CPU
		{759C4C66-7028-494F-B38A-DA6FC8C786A8}.Debug|Any CPU.Build.0 = Debug|Any CPU
		{759C4C66-7028-494F-B38A-DA6FC8C786A8}.Release|Any CPU.ActiveCfg = Release|Any CPU
		{759C4C66-7028-494F-B38A-DA6FC8C786A8}.Release|Any CPU.Build.0 = Release|Any CPU
		{7E538285-9053-453E-A53C-397453B410BF}.Debug|Any CPU.ActiveCfg = Debug|Any CPU
		{7E538285-9053-453E-A53C-397453B410BF}.Debug|Any CPU.Build.0 = Debug|Any CPU
		{7E538285-9053-453E-A53C-397453B410BF}.Release|Any CPU.ActiveCfg = Release|Any CPU
		{7E538285-9053-453E-A53C-397453B410BF}.Release|Any CPU.Build.0 = Release|Any CPU
		{93425C18-F2F8-4943-AEC9-E3093C6C95E4}.Debug|Any CPU.ActiveCfg = Debug|Any CPU
		{93425C18-F2F8-4943-AEC9-E3093C6C95E4}.Debug|Any CPU.Build.0 = Debug|Any CPU
		{93425C18-F2F8-4943-AEC9-E3093C6C95E4}.Release|Any CPU.ActiveCfg = Release|Any CPU
		{93425C18-F2F8-4943-AEC9-E3093C6C95E4}.Release|Any CPU.Build.0 = Release|Any CPU
		{C9AEF628-06AE-495A-9510-28FBE2912A94}.Debug|Any CPU.ActiveCfg = Debug|Any CPU
		{C9AEF628-06AE-495A-9510-28FBE2912A94}.Debug|Any CPU.Build.0 = Debug|Any CPU
		{C9AEF628-06AE-495A-9510-28FBE2912A94}.Release|Any CPU.ActiveCfg = Release|Any CPU
		{C9AEF628-06AE-495A-9510-28FBE2912A94}.Release|Any CPU.Build.0 = Release|Any CPU
	EndGlobalSection
	GlobalSection(SolutionProperties) = preSolution
		HideSolutionNode = FALSE
	EndGlobalSection
	GlobalSection(ExtensibilityGlobals) = postSolution
		SolutionGuid = {427B120B-93BC-483E-A02B-DE0C224556F5}
	EndGlobalSection
EndGlobal
